github.com/anggasetiawanw/belajar-golang-module v1.0.0 h1:xzQ9CY8w7fbsRb1WlJGtjOfTN7vUCuacsSTR/sFtSo0=
github.com/anggasetiawanw/belajar-golang-module v1.0.0/go.mod h1:apPniO/a9YEA6Iqqq/PLYlJdxTLu9oBFGVxg4WdMYPg=
github.com/anggasetiawanw/belajar-golang-module v1.0.1 h1:g0Y6sI+WSVkBllsBo3MUjsJtU3CCnr68elXxy3ln83U=
github.com/anggasetiawanw/belajar-golang-module v1.0.1/go.mod h1:apPniO/a9YEA6Iqqq/PLYlJdxTLu9oBFGVxg4WdMYPg=
